
Microsoft Visual Studio Solution File, Format Version 12.00
# Visual Studio 15
VisualStudioVersion = 15.0.28307.271
MinimumVisualStudioVersion = 10.0.40219.1
Project("{888888A0-9F3D-457C-B088-3A5042F75D52}") = "FaresIndexPreparation", "FaresIndexPreparation.pyproj", "{BB8058D0-26A4-4432-8E06-20319BA65E2E}"
EndProject
Global
	GlobalSection(SolutionConfigurationPlatforms) = preSolution
		Debug|Any CPU = Debug|Any CPU
		Release|Any CPU = Release|Any CPU
	EndGlobalSection
	GlobalSection(ProjectConfigurationPlatforms) = postSolution
		{BB8058D0-26A4-4432-8E06-20319BA65E2E}.Debug|Any CPU.ActiveCfg = Debug|Any CPU
		{BB8058D0-26A4-4432-8E06-20319BA65E2E}.Release|Any CPU.ActiveCfg = Release|Any CPU
	EndGlobalSection
	GlobalSection(SolutionProperties) = preSolution
		HideSolutionNode = FALSE
	EndGlobalSection
	GlobalSection(ExtensibilityGlobals) = postSolution
		SolutionGuid = {77BF6CA1-4DF3-4499-83A3-52D6A84E5457}
	EndGlobalSection
EndGlobal
